
Microsoft Visual Studio Solution File, Format Version 12.00
# Visual Studio Version 17
VisualStudioVersion = 17.5.33516.290
MinimumVisualStudioVersion = 10.0.40219.1
Project("{8BC9CEB8-8B4A-11D0-8D11-00A0C91BC942}") = "lab_graf", "lab_graf\lab_graf.vcxproj", "{F3453C15-53C9-4617-BD76-719C485DC345}"
EndProject
Global
	GlobalSection(SolutionConfigurationPlatforms) = preSolution
		Debug|x64 = Debug|x64
		Debug|x86 = Debug|x86
		Release|x64 = Release|x64
		Release|x86 = Release|x86
	EndGlobalSection
	GlobalSection(ProjectConfigurationPlatforms) = postSolution
		{F3453C15-53C9-4617-BD76-719C485DC345}.Debug|x64.ActiveCfg = Debug|x64
		{F3453C15-53C9-4617-BD76-719C485DC345}.Debug|x64.Build.0 = Debug|x64
		{F3453C15-53C9-4617-BD76-719C485DC345}.Debug|x86.ActiveCfg = Debug|Win32
		{F3453C15-53C9-4617-BD76-719C485DC345}.Debug|x86.Build.0 = Debug|Win32
		{F3453C15-53C9-4617-BD76-719C485DC345}.Release|x64.ActiveCfg = Release|x64
		{F3453C15-53C9-4617-BD76-719C485DC345}.Release|x64.Build.0 = Release|x64
		{F3453C15-53C9-4617-BD76-719C485DC345}.Release|x86.ActiveCfg = Release|Win32
		{F3453C15-53C9-4617-BD76-719C485DC345}.Release|x86.Build.0 = Release|Win32
	EndGlobalSection
	GlobalSection(SolutionProperties) = preSolution
		HideSolutionNode = FALSE
	EndGlobalSection
	GlobalSection(ExtensibilityGlobals) = postSolution
		SolutionGuid = {4AC8DFCF-3B44-44C1-BDA9-37EC445FD760}
	EndGlobalSection
EndGlobal
