
Microsoft Visual Studio Solution File, Format Version 12.00
# Visual Studio Version 16
VisualStudioVersion = 16.0.32630.194
MinimumVisualStudioVersion = 10.0.40219.1
Project("{8BC9CEB8-8B4A-11D0-8D11-00A0C91BC942}") = "zad_2", "zad_2\zad_2.vcxproj", "{BFCA3703-DFE1-42C9-AC7F-F54B3708A4C3}"
EndProject
Project("{8BC9CEB8-8B4A-11D0-8D11-00A0C91BC942}") = "zad_1_4(1)", "zad_1_4(1)\zad_1_4(1).vcxproj", "{9431D76F-60DF-4A48-99AF-FF50BFC33B75}"
EndProject
Project("{8BC9CEB8-8B4A-11D0-8D11-00A0C91BC942}") = "zad_1_4(2)", "zad_1_4(2)\zad_1_4(2).vcxproj", "{E34EF1B0-E267-4852-8FAE-2057BC94DD79}"
EndProject
Project("{8BC9CEB8-8B4A-11D0-8D11-00A0C91BC942}") = "zad_1_4(3)", "zad_1_4(3)\zad_1_4(3).vcxproj", "{B83B4EF9-BBE8-4E42-92ED-FE3D5FBD05A2}"
EndProject
Project("{8BC9CEB8-8B4A-11D0-8D11-00A0C91BC942}") = "zad_1_2", "zad_1_2\zad_1_2.vcxproj", "{2056C1AD-88DE-4466-ACC1-993F84E0B16F}"
EndProject
Project("{8BC9CEB8-8B4A-11D0-8D11-00A0C91BC942}") = "zad_1_3(2)", "zad_1_3.2\zad_3(2).vcxproj", "{5F621BD9-2482-48CD-9D11-39EBA55906FE}"
EndProject
Project("{8BC9CEB8-8B4A-11D0-8D11-00A0C91BC942}") = "zad_1_3(3)", "zad_1_3.3\zad_3(3).vcxproj", "{4D602DD9-6360-44C7-B66B-10EA66D98F9C}"
EndProject
Project("{8BC9CEB8-8B4A-11D0-8D11-00A0C91BC942}") = "zad_1_3(4)", "zad_1_3.4\zad_3(4).vcxproj", "{763BE453-11A9-4B3A-9A46-07A0E5876DBC}"
EndProject
Project("{8BC9CEB8-8B4A-11D0-8D11-00A0C91BC942}") = "zad_1_3(5)", "zad_1_3.5\zad_3(5).vcxproj", "{FB6253B7-8DCE-4953-8937-459E8BA71DC7}"
EndProject
Project("{8BC9CEB8-8B4A-11D0-8D11-00A0C91BC942}") = "zad_1_3(6)", "zad_1_3.6\zad_3(6).vcxproj", "{33AB3F0A-6C20-424C-AD8A-C796A6254CDF}"
EndProject
Project("{8BC9CEB8-8B4A-11D0-8D11-00A0C91BC942}") = "zad_1_3(7)", "zad_1_3.7\zad_3(7).vcxproj", "{DC93462F-898D-4EB8-81E1-137BF3AA94DB}"
EndProject
Project("{8BC9CEB8-8B4A-11D0-8D11-00A0C91BC942}") = "zad_1_1", "zad_1_1\lab_3(OAIP).vcxproj", "{992D4933-81D2-47CC-BD3B-4DCF7853ACC1}"
EndProject
Project("{8BC9CEB8-8B4A-11D0-8D11-00A0C91BC942}") = "zad_1_3(1)", "zad_1_3(1)\zad_1_3(1).vcxproj", "{5E59D67B-3EB3-450F-B5C0-EC3E732D2AFB}"
EndProject
Project("{8BC9CEB8-8B4A-11D0-8D11-00A0C91BC942}") = "zad_3_1", "zad_3_1\zad_3_1.vcxproj", "{E082397F-F78F-44C9-AEBB-45263AFB8C33}"
EndProject
Project("{8BC9CEB8-8B4A-11D0-8D11-00A0C91BC942}") = "zad_3_2", "zad_3_2\zad_3_2.vcxproj", "{D4AE51C0-1D8E-4242-B970-3FF7674FBC81}"
EndProject
Project("{8BC9CEB8-8B4A-11D0-8D11-00A0C91BC942}") = "zad_3_3", "zad_3_3\zad_3_3.vcxproj", "{F426CCD6-0518-4E39-8172-502D9E8B3193}"
EndProject
Project("{8BC9CEB8-8B4A-11D0-8D11-00A0C91BC942}") = "zad_3_4", "zad_3_4\zad_3_4.vcxproj", "{EBB3F3C1-7842-4159-B34B-E501D7805E3F}"
EndProject
Project("{8BC9CEB8-8B4A-11D0-8D11-00A0C91BC942}") = "zad_3_5", "zad_3_5\zad_3_5.vcxproj", "{6F0B4758-BF3B-42DE-8373-200641A064E4}"
EndProject
Global
	GlobalSection(SolutionConfigurationPlatforms) = preSolution
		Debug|x64 = Debug|x64
		Debug|x86 = Debug|x86
		Release|x64 = Release|x64
		Release|x86 = Release|x86
	EndGlobalSection
	GlobalSection(ProjectConfigurationPlatforms) = postSolution
		{BFCA3703-DFE1-42C9-AC7F-F54B3708A4C3}.Debug|x64.ActiveCfg = Debug|x64
		{BFCA3703-DFE1-42C9-AC7F-F54B3708A4C3}.Debug|x64.Build.0 = Debug|x64
		{BFCA3703-DFE1-42C9-AC7F-F54B3708A4C3}.Debug|x86.ActiveCfg = Debug|Win32
		{BFCA3703-DFE1-42C9-AC7F-F54B3708A4C3}.Debug|x86.Build.0 = Debug|Win32
		{BFCA3703-DFE1-42C9-AC7F-F54B3708A4C3}.Release|x64.ActiveCfg = Release|x64
		{BFCA3703-DFE1-42C9-AC7F-F54B3708A4C3}.Release|x64.Build.0 = Release|x64
		{BFCA3703-DFE1-42C9-AC7F-F54B3708A4C3}.Release|x86.ActiveCfg = Release|Win32
		{BFCA3703-DFE1-42C9-AC7F-F54B3708A4C3}.Release|x86.Build.0 = Release|Win32
		{9431D76F-60DF-4A48-99AF-FF50BFC33B75}.Debug|x64.ActiveCfg = Debug|x64
		{9431D76F-60DF-4A48-99AF-FF50BFC33B75}.Debug|x64.Build.0 = Debug|x64
		{9431D76F-60DF-4A48-99AF-FF50BFC33B75}.Debug|x86.ActiveCfg = Debug|Win32
		{9431D76F-60DF-4A48-99AF-FF50BFC33B75}.Debug|x86.Build.0 = Debug|Win32
		{9431D76F-60DF-4A48-99AF-FF50BFC33B75}.Release|x64.ActiveCfg = Release|x64
		{9431D76F-60DF-4A48-99AF-FF50BFC33B75}.Release|x64.Build.0 = Release|x64
		{9431D76F-60DF-4A48-99AF-FF50BFC33B75}.Release|x86.ActiveCfg = Release|Win32
		{9431D76F-60DF-4A48-99AF-FF50BFC33B75}.Release|x86.Build.0 = Release|Win32
		{E34EF1B0-E267-4852-8FAE-2057BC94DD79}.Debug|x64.ActiveCfg = Debug|x64
		{E34EF1B0-E267-4852-8FAE-2057BC94DD79}.Debug|x64.Build.0 = Debug|x64
		{E34EF1B0-E267-4852-8FAE-2057BC94DD79}.Debug|x86.ActiveCfg = Debug|Win32
		{E34EF1B0-E267-4852-8FAE-2057BC94DD79}.Debug|x86.Build.0 = Debug|Win32
		{E34EF1B0-E267-4852-8FAE-2057BC94DD79}.Release|x64.ActiveCfg = Release|x64
		{E34EF1B0-E267-4852-8FAE-2057BC94DD79}.Release|x64.Build.0 = Release|x64
		{E34EF1B0-E267-4852-8FAE-2057BC94DD79}.Release|x86.ActiveCfg = Release|Win32
		{E34EF1B0-E267-4852-8FAE-2057BC94DD79}.Release|x86.Build.0 = Release|Win32
		{B83B4EF9-BBE8-4E42-92ED-FE3D5FBD05A2}.Debug|x64.ActiveCfg = Debug|x64
		{B83B4EF9-BBE8-4E42-92ED-FE3D5FBD05A2}.Debug|x64.Build.0 = Debug|x64
		{B83B4EF9-BBE8-4E42-92ED-FE3D5FBD05A2}.Debug|x86.ActiveCfg = Debug|Win32
		{B83B4EF9-BBE8-4E42-92ED-FE3D5FBD05A2}.Debug|x86.Build.0 = Debug|Win32
		{B83B4EF9-BBE8-4E42-92ED-FE3D5FBD05A2}.Release|x64.ActiveCfg = Release|x64
		{B83B4EF9-BBE8-4E42-92ED-FE3D5FBD05A2}.Release|x64.Build.0 = Release|x64
		{B83B4EF9-BBE8-4E42-92ED-FE3D5FBD05A2}.Release|x86.ActiveCfg = Release|Win32
		{B83B4EF9-BBE8-4E42-92ED-FE3D5FBD05A2}.Release|x86.Build.0 = Release|Win32
		{2056C1AD-88DE-4466-ACC1-993F84E0B16F}.Debug|x64.ActiveCfg = Debug|x64
		{2056C1AD-88DE-4466-ACC1-993F84E0B16F}.Debug|x64.Build.0 = Debug|x64
		{2056C1AD-88DE-4466-ACC1-993F84E0B16F}.Debug|x86.ActiveCfg = Debug|Win32
		{2056C1AD-88DE-4466-ACC1-993F84E0B16F}.Debug|x86.Build.0 = Debug|Win32
		{2056C1AD-88DE-4466-ACC1-993F84E0B16F}.Release|x64.ActiveCfg = Release|x64
		{2056C1AD-88DE-4466-ACC1-993F84E0B16F}.Release|x64.Build.0 = Release|x64
		{2056C1AD-88DE-4466-ACC1-993F84E0B16F}.Release|x86.ActiveCfg = Release|Win32
		{2056C1AD-88DE-4466-ACC1-993F84E0B16F}.Release|x86.Build.0 = Release|Win32
		{5F621BD9-2482-48CD-9D11-39EBA55906FE}.Debug|x64.ActiveCfg = Debug|x64
		{5F621BD9-2482-48CD-9D11-39EBA55906FE}.Debug|x64.Build.0 = Debug|x64
		{5F621BD9-2482-48CD-9D11-39EBA55906FE}.Debug|x86.ActiveCfg = Debug|Win32
		{5F621BD9-2482-48CD-9D11-39EBA55906FE}.Debug|x86.Build.0 = Debug|Win32
		{5F621BD9-2482-48CD-9D11-39EBA55906FE}.Release|x64.ActiveCfg = Release|x64
		{5F621BD9-2482-48CD-9D11-39EBA55906FE}.Release|x64.Build.0 = Release|x64
		{5F621BD9-2482-48CD-9D11-39EBA55906FE}.Release|x86.ActiveCfg = Release|Win32
		{5F621BD9-2482-48CD-9D11-39EBA55906FE}.Release|x86.Build.0 = Release|Win32
		{4D602DD9-6360-44C7-B66B-10EA66D98F9C}.Debug|x64.ActiveCfg = Debug|x64
		{4D602DD9-6360-44C7-B66B-10EA66D98F9C}.Debug|x64.Build.0 = Debug|x64
		{4D602DD9-6360-44C7-B66B-10EA66D98F9C}.Debug|x86.ActiveCfg = Debug|Win32
		{4D602DD9-6360-44C7-B66B-10EA66D98F9C}.Debug|x86.Build.0 = Debug|Win32
		{4D602DD9-6360-44C7-B66B-10EA66D98F9C}.Release|x64.ActiveCfg = Release|x64
		{4D602DD9-6360-44C7-B66B-10EA66D98F9C}.Release|x64.Build.0 = Release|x64
		{4D602DD9-6360-44C7-B66B-10EA66D98F9C}.Release|x86.ActiveCfg = Release|Win32
		{4D602DD9-6360-44C7-B66B-10EA66D98F9C}.Release|x86.Build.0 = Release|Win32
		{763BE453-11A9-4B3A-9A46-07A0E5876DBC}.Debug|x64.ActiveCfg = Debug|x64
		{763BE453-11A9-4B3A-9A46-07A0E5876DBC}.Debug|x64.Build.0 = Debug|x64
		{763BE453-11A9-4B3A-9A46-07A0E5876DBC}.Debug|x86.ActiveCfg = Debug|Win32
		{763BE453-11A9-4B3A-9A46-07A0E5876DBC}.Debug|x86.Build.0 = Debug|Win32
		{763BE453-11A9-4B3A-9A46-07A0E5876DBC}.Release|x64.ActiveCfg = Release|x64
		{763BE453-11A9-4B3A-9A46-07A0E5876DBC}.Release|x64.Build.0 = Release|x64
		{763BE453-11A9-4B3A-9A46-07A0E5876DBC}.Release|x86.ActiveCfg = Release|Win32
		{763BE453-11A9-4B3A-9A46-07A0E5876DBC}.Release|x86.Build.0 = Release|Win32
		{FB6253B7-8DCE-4953-8937-459E8BA71DC7}.Debug|x64.ActiveCfg = Debug|x64
		{FB6253B7-8DCE-4953-8937-459E8BA71DC7}.Debug|x64.Build.0 = Debug|x64
		{FB6253B7-8DCE-4953-8937-459E8BA71DC7}.Debug|x86.ActiveCfg = Debug|Win32
		{FB6253B7-8DCE-4953-8937-459E8BA71DC7}.Debug|x86.Build.0 = Debug|Win32
		{FB6253B7-8DCE-4953-8937-459E8BA71DC7}.Release|x64.ActiveCfg = Release|x64
		{FB6253B7-8DCE-4953-8937-459E8BA71DC7}.Release|x64.Build.0 = Release|x64
		{FB6253B7-8DCE-4953-8937-459E8BA71DC7}.Release|x86.ActiveCfg = Release|Win32
		{FB6253B7-8DCE-4953-8937-459E8BA71DC7}.Release|x86.Build.0 = Release|Win32
		{33AB3F0A-6C20-424C-AD8A-C796A6254CDF}.Debug|x64.ActiveCfg = Debug|x64
		{33AB3F0A-6C20-424C-AD8A-C796A6254CDF}.Debug|x64.Build.0 = Debug|x64
		{33AB3F0A-6C20-424C-AD8A-C796A6254CDF}.Debug|x86.ActiveCfg = Debug|Win32
		{33AB3F0A-6C20-424C-AD8A-C796A6254CDF}.Debug|x86.Build.0 = Debug|Win32
		{33AB3F0A-6C20-424C-AD8A-C796A6254CDF}.Release|x64.ActiveCfg = Release|x64
		{33AB3F0A-6C20-424C-AD8A-C796A6254CDF}.Release|x64.Build.0 = Release|x64
		{33AB3F0A-6C20-424C-AD8A-C796A6254CDF}.Release|x86.ActiveCfg = Release|Win32
		{33AB3F0A-6C20-424C-AD8A-C796A6254CDF}.Release|x86.Build.0 = Release|Win32
		{DC93462F-898D-4EB8-81E1-137BF3AA94DB}.Debug|x64.ActiveCfg = Debug|x64
		{DC93462F-898D-4EB8-81E1-137BF3AA94DB}.Debug|x64.Build.0 = Debug|x64
		{DC93462F-898D-4EB8-81E1-137BF3AA94DB}.Debug|x86.ActiveCfg = Debug|Win32
		{DC93462F-898D-4EB8-81E1-137BF3AA94DB}.Debug|x86.Build.0 = Debug|Win32
		{DC93462F-898D-4EB8-81E1-137BF3AA94DB}.Release|x64.ActiveCfg = Release|x64
		{DC93462F-898D-4EB8-81E1-137BF3AA94DB}.Release|x64.Build.0 = Release|x64
		{DC93462F-898D-4EB8-81E1-137BF3AA94DB}.Release|x86.ActiveCfg = Release|Win32
		{DC93462F-898D-4EB8-81E1-137BF3AA94DB}.Release|x86.Build.0 = Release|Win32
		{992D4933-81D2-47CC-BD3B-4DCF7853ACC1}.Debug|x64.ActiveCfg = Debug|x64
		{992D4933-81D2-47CC-BD3B-4DCF7853ACC1}.Debug|x64.Build.0 = Debug|x64
		{992D4933-81D2-47CC-BD3B-4DCF7853ACC1}.Debug|x86.ActiveCfg = Debug|Win32
		{992D4933-81D2-47CC-BD3B-4DCF7853ACC1}.Debug|x86.Build.0 = Debug|Win32
		{992D4933-81D2-47CC-BD3B-4DCF7853ACC1}.Release|x64.ActiveCfg = Release|x64
		{992D4933-81D2-47CC-BD3B-4DCF7853ACC1}.Release|x64.Build.0 = Release|x64
		{992D4933-81D2-47CC-BD3B-4DCF7853ACC1}.Release|x86.ActiveCfg = Release|Win32
		{992D4933-81D2-47CC-BD3B-4DCF7853ACC1}.Release|x86.Build.0 = Release|Win32
		{5E59D67B-3EB3-450F-B5C0-EC3E732D2AFB}.Debug|x64.ActiveCfg = Debug|x64
		{5E59D67B-3EB3-450F-B5C0-EC3E732D2AFB}.Debug|x64.Build.0 = Debug|x64
		{5E59D67B-3EB3-450F-B5C0-EC3E732D2AFB}.Debug|x86.ActiveCfg = Debug|Win32
		{5E59D67B-3EB3-450F-B5C0-EC3E732D2AFB}.Debug|x86.Build.0 = Debug|Win32
		{5E59D67B-3EB3-450F-B5C0-EC3E732D2AFB}.Release|x64.ActiveCfg = Release|x64
		{5E59D67B-3EB3-450F-B5C0-EC3E732D2AFB}.Release|x64.Build.0 = Release|x64
		{5E59D67B-3EB3-450F-B5C0-EC3E732D2AFB}.Release|x86.ActiveCfg = Release|Win32
		{5E59D67B-3EB3-450F-B5C0-EC3E732D2AFB}.Release|x86.Build.0 = Release|Win32
		{E082397F-F78F-44C9-AEBB-45263AFB8C33}.Debug|x64.ActiveCfg = Debug|x64
		{E082397F-F78F-44C9-AEBB-45263AFB8C33}.Debug|x64.Build.0 = Debug|x64
		{E082397F-F78F-44C9-AEBB-45263AFB8C33}.Debug|x86.ActiveCfg = Debug|Win32
		{E082397F-F78F-44C9-AEBB-45263AFB8C33}.Debug|x86.Build.0 = Debug|Win32
		{E082397F-F78F-44C9-AEBB-45263AFB8C33}.Release|x64.ActiveCfg = Release|x64
		{E082397F-F78F-44C9-AEBB-45263AFB8C33}.Release|x64.Build.0 = Release|x64
		{E082397F-F78F-44C9-AEBB-45263AFB8C33}.Release|x86.ActiveCfg = Release|Win32
		{E082397F-F78F-44C9-AEBB-45263AFB8C33}.Release|x86.Build.0 = Release|Win32
		{D4AE51C0-1D8E-4242-B970-3FF7674FBC81}.Debug|x64.ActiveCfg = Debug|x64
		{D4AE51C0-1D8E-4242-B970-3FF7674FBC81}.Debug|x64.Build.0 = Debug|x64
		{D4AE51C0-1D8E-4242-B970-3FF7674FBC81}.Debug|x86.ActiveCfg = Debug|Win32
		{D4AE51C0-1D8E-4242-B970-3FF7674FBC81}.Debug|x86.Build.0 = Debug|Win32
		{D4AE51C0-1D8E-4242-B970-3FF7674FBC81}.Release|x64.ActiveCfg = Release|x64
		{D4AE51C0-1D8E-4242-B970-3FF7674FBC81}.Release|x64.Build.0 = Release|x64
		{D4AE51C0-1D8E-4242-B970-3FF7674FBC81}.Release|x86.ActiveCfg = Release|Win32
		{D4AE51C0-1D8E-4242-B970-3FF7674FBC81}.Release|x86.Build.0 = Release|Win32
		{F426CCD6-0518-4E39-8172-502D9E8B3193}.Debug|x64.ActiveCfg = Debug|x64
		{F426CCD6-0518-4E39-8172-502D9E8B3193}.Debug|x64.Build.0 = Debug|x64
		{F426CCD6-0518-4E39-8172-502D9E8B3193}.Debug|x86.ActiveCfg = Debug|Win32
		{F426CCD6-0518-4E39-8172-502D9E8B3193}.Debug|x86.Build.0 = Debug|Win32
		{F426CCD6-0518-4E39-8172-502D9E8B3193}.Release|x64.ActiveCfg = Release|x64
		{F426CCD6-0518-4E39-8172-502D9E8B3193}.Release|x64.Build.0 = Release|x64
		{F426CCD6-0518-4E39-8172-502D9E8B3193}.Release|x86.ActiveCfg = Release|Win32
		{F426CCD6-0518-4E39-8172-502D9E8B3193}.Release|x86.Build.0 = Release|Win32
		{EBB3F3C1-7842-4159-B34B-E501D7805E3F}.Debug|x64.ActiveCfg = Debug|x64
		{EBB3F3C1-7842-4159-B34B-E501D7805E3F}.Debug|x64.Build.0 = Debug|x64
		{EBB3F3C1-7842-4159-B34B-E501D7805E3F}.Debug|x86.ActiveCfg = Debug|Win32
		{EBB3F3C1-7842-4159-B34B-E501D7805E3F}.Debug|x86.Build.0 = Debug|Win32
		{EBB3F3C1-7842-4159-B34B-E501D7805E3F}.Release|x64.ActiveCfg = Release|x64
		{EBB3F3C1-7842-4159-B34B-E501D7805E3F}.Release|x64.Build.0 = Release|x64
		{EBB3F3C1-7842-4159-B34B-E501D7805E3F}.Release|x86.ActiveCfg = Release|Win32
		{EBB3F3C1-7842-4159-B34B-E501D7805E3F}.Release|x86.Build.0 = Release|Win32
		{6F0B4758-BF3B-42DE-8373-200641A064E4}.Debug|x64.ActiveCfg = Debug|x64
		{6F0B4758-BF3B-42DE-8373-200641A064E4}.Debug|x64.Build.0 = Debug|x64
		{6F0B4758-BF3B-42DE-8373-200641A064E4}.Debug|x86.ActiveCfg = Debug|Win32
		{6F0B4758-BF3B-42DE-8373-200641A064E4}.Debug|x86.Build.0 = Debug|Win32
		{6F0B4758-BF3B-42DE-8373-200641A064E4}.Release|x64.ActiveCfg = Release|x64
		{6F0B4758-BF3B-42DE-8373-200641A064E4}.Release|x64.Build.0 = Release|x64
		{6F0B4758-BF3B-42DE-8373-200641A064E4}.Release|x86.ActiveCfg = Release|Win32
		{6F0B4758-BF3B-42DE-8373-200641A064E4}.Release|x86.Build.0 = Release|Win32
	EndGlobalSection
	GlobalSection(SolutionProperties) = preSolution
		HideSolutionNode = FALSE
	EndGlobalSection
	GlobalSection(ExtensibilityGlobals) = postSolution
		SolutionGuid = {D4616FC0-FCCD-4267-8179-841815D6E002}
	EndGlobalSection
EndGlobal
