
Microsoft Visual Studio Solution File, Format Version 12.00
# Visual Studio Version 16
VisualStudioVersion = 16.0.32630.194
MinimumVisualStudioVersion = 10.0.40219.1
Project("{8BC9CEB8-8B4A-11D0-8D11-00A0C91BC942}") = "lab_7", "lab_7\lab_7.vcxproj", "{BB89F18A-3883-47DE-A774-D77B300E89A4}"
EndProject
Project("{8BC9CEB8-8B4A-11D0-8D11-00A0C91BC942}") = "zad_1", "zad_1\zad_1.vcxproj", "{E3D69942-B77A-4150-AA50-3A337CF91CFD}"
EndProject
Project("{8BC9CEB8-8B4A-11D0-8D11-00A0C91BC942}") = "funkcii", "funkcii\funkcii.vcxproj", "{2945FA1A-0B78-41E8-A2E5-DEE382D74981}"
EndProject
Global
	GlobalSection(SolutionConfigurationPlatforms) = preSolution
		Debug|x64 = Debug|x64
		Debug|x86 = Debug|x86
		Release|x64 = Release|x64
		Release|x86 = Release|x86
	EndGlobalSection
	GlobalSection(ProjectConfigurationPlatforms) = postSolution
		{BB89F18A-3883-47DE-A774-D77B300E89A4}.Debug|x64.ActiveCfg = Debug|x64
		{BB89F18A-3883-47DE-A774-D77B300E89A4}.Debug|x64.Build.0 = Debug|x64
		{BB89F18A-3883-47DE-A774-D77B300E89A4}.Debug|x86.ActiveCfg = Debug|Win32
		{BB89F18A-3883-47DE-A774-D77B300E89A4}.Debug|x86.Build.0 = Debug|Win32
		{BB89F18A-3883-47DE-A774-D77B300E89A4}.Release|x64.ActiveCfg = Release|x64
		{BB89F18A-3883-47DE-A774-D77B300E89A4}.Release|x64.Build.0 = Release|x64
		{BB89F18A-3883-47DE-A774-D77B300E89A4}.Release|x86.ActiveCfg = Release|Win32
		{BB89F18A-3883-47DE-A774-D77B300E89A4}.Release|x86.Build.0 = Release|Win32
		{E3D69942-B77A-4150-AA50-3A337CF91CFD}.Debug|x64.ActiveCfg = Debug|x64
		{E3D69942-B77A-4150-AA50-3A337CF91CFD}.Debug|x64.Build.0 = Debug|x64
		{E3D69942-B77A-4150-AA50-3A337CF91CFD}.Debug|x86.ActiveCfg = Debug|Win32
		{E3D69942-B77A-4150-AA50-3A337CF91CFD}.Debug|x86.Build.0 = Debug|Win32
		{E3D69942-B77A-4150-AA50-3A337CF91CFD}.Release|x64.ActiveCfg = Release|x64
		{E3D69942-B77A-4150-AA50-3A337CF91CFD}.Release|x64.Build.0 = Release|x64
		{E3D69942-B77A-4150-AA50-3A337CF91CFD}.Release|x86.ActiveCfg = Release|Win32
		{E3D69942-B77A-4150-AA50-3A337CF91CFD}.Release|x86.Build.0 = Release|Win32
		{2945FA1A-0B78-41E8-A2E5-DEE382D74981}.Debug|x64.ActiveCfg = Debug|x64
		{2945FA1A-0B78-41E8-A2E5-DEE382D74981}.Debug|x64.Build.0 = Debug|x64
		{2945FA1A-0B78-41E8-A2E5-DEE382D74981}.Debug|x86.ActiveCfg = Debug|Win32
		{2945FA1A-0B78-41E8-A2E5-DEE382D74981}.Debug|x86.Build.0 = Debug|Win32
		{2945FA1A-0B78-41E8-A2E5-DEE382D74981}.Release|x64.ActiveCfg = Release|x64
		{2945FA1A-0B78-41E8-A2E5-DEE382D74981}.Release|x64.Build.0 = Release|x64
		{2945FA1A-0B78-41E8-A2E5-DEE382D74981}.Release|x86.ActiveCfg = Release|Win32
		{2945FA1A-0B78-41E8-A2E5-DEE382D74981}.Release|x86.Build.0 = Release|Win32
	EndGlobalSection
	GlobalSection(SolutionProperties) = preSolution
		HideSolutionNode = FALSE
	EndGlobalSection
	GlobalSection(ExtensibilityGlobals) = postSolution
		SolutionGuid = {C1BF3919-1B39-4B97-85B5-FDDED3D85251}
	EndGlobalSection
EndGlobal
